<?xml version="1.0" encoding="utf-8"?>
<Project ToolsVersion="4.0" xmlns="http://schemas.microsoft.com/developer/msbuild/2003">
  <ItemGroup>
    <Filter Include="Other Files">
      <UniqueIdentifier>{2af9edd6-3597-488a-bb81-c5759106b3a8}</UniqueIdentifier>
    </Filter>
    <Filter Include="Header Files">
      <UniqueIdentifier>{dbc1b271-b138-4ce3-b60b-ae15bb00d312}</UniqueIdentifier>
    </Filter>
    <Filter Include="Resource Files">
      <UniqueIdentifier>{3d127843-e59a-4913-aa10-3c6603ea4a8c}</UniqueIdentifier>
    </Filter>
    <Filter Include="Source Files">
      <UniqueIdentifier>{65c2ac86-e266-4e5a-949a-a0ed70e2ca6e}</UniqueIdentifier>
    </Filter>
  </ItemGroup>
  <ItemGroup>
    <ClCompile Include="main.c">
      <Filter>Source Files</Filter>
    </ClCompile>
    <ClCompile Include="pak_file.c">
      <Filter>Source Files</Filter>
    </ClCompile>
    <ClCompile Include="pak_file_io.c">
      <Filter>Source Files</Filter>
    </ClCompile>
    <ClCompile Include="pak_get_file_type.c">
      <Filter>Source Files</Filter>
    </ClCompile>
    <ClCompile Include="pak_header.c">
      <Filter>Source Files</Filter>
    </ClCompile>
    <ClCompile Include="pak_pack.c">
      <Filter>Source Files</Filter>
    </ClCompile>
  </ItemGroup>
  <ItemGroup>
    <ClInclude Include="commandlinetoargva.h">
      <Filter>Header Files</Filter>
    </ClInclude>
    <ClInclude Include="main.h">
      <Filter>Header Files</Filter>
    </ClInclude>
    <ClInclude Include="pak_defs.h">
      <Filter>Header Files</Filter>
    </ClInclude>
    <ClInclude Include="pak_file.h">
      <Filter>Header Files</Filter>
    </ClInclude>
    <ClInclude Include="pak_file_io.h">
      <Filter>Header Files</Filter>
    </ClInclude>
    <ClInclude Include="pak_get_file_type.h">
      <Filter>Header Files</Filter>
    </ClInclude>
    <ClInclude Include="pak_header.h">
      <Filter>Header Files</Filter>
    </ClInclude>
    <ClInclude Include="pak_pack.h">
      <Filter>Header Files</Filter>
    </ClInclude>
  </ItemGroup>
</Project>